// !$*UTF8*$!
{
	archiveVersion = 1;
	classes = {
	};
	objectVersion = 46;
	objects = {

/* Begin PBXBuildFile section */
		E9955DF51B0ED97400DC5AEF /* AppDelegate.swift in Sources */ = {isa = PBXBuildFile; fileRef = E9955DF41B0ED97400DC5AEF /* AppDelegate.swift */; };
		E9955DF71B0ED97400DC5AEF /* ViewController.swift in Sources */ = {isa = PBXBuildFile; fileRef = E9955DF61B0ED97400DC5AEF /* ViewController.swift */; };
		E9955DFA1B0ED97400DC5AEF /* Main.storyboard in Resources */ = {isa = PBXBuildFile; fileRef = E9955DF81B0ED97400DC5AEF /* Main.storyboard */; };
		E9955DFC1B0ED97400DC5AEF /* Images.xcassets in Resources */ = {isa = PBXBuildFile; fileRef = E9955DFB1B0ED97400DC5AEF /* Images.xcassets */; };
		E9955DFF1B0ED97400DC5AEF /* LaunchScreen.xib in Resources */ = {isa = PBXBuildFile; fileRef = E9955DFD1B0ED97400DC5AEF /* LaunchScreen.xib */; };
		E9955E0B1B0ED97500DC5AEF /* Table_ViewsTests.swift in Sources */ = {isa = PBXBuildFile; fileRef = E9955E0A1B0ED97500DC5AEF /* Table_ViewsTests.swift */; };
/* End PBXBuildFile section */

/* Begin PBXContainerItemProxy section */
		E9955E051B0ED97500DC5AEF /* PBXContainerItemProxy */ = {
			isa = PBXContainerItemProxy;
			containerPortal = E9955DE71B0ED97400DC5AEF /* Project object */;
			proxyType = 1;
			remoteGlobalIDString = E9955DEE1B0ED97400DC5AEF;
			remoteInfo = "Table Views";
		};
/* End PBXContainerItemProxy section */

/* Begin PBXFileReference section */
		E9955DEF1B0ED97400DC5AEF /* Table Views.app */ = {isa = PBXFileReference; explicitFileType = wrapper.application; includeInIndex = 0; path = "Table Views.app"; sourceTree = BUILT_PRODUCTS_DIR; };
		E9955DF31B0ED97400DC5AEF /* Info.plist */ = {isa = PBXFileReference; lastKnownFileType = text.plist.xml; path = Info.plist; sourceTree = "<group>"; };
		E9955DF41B0ED97400DC5AEF /* AppDelegate.swift */ = {isa = PBXFileReference; lastKnownFileType = sourcecode.swift; path = AppDelegate.swift; sourceTree = "<group>"; };
		E9955DF61B0ED97400DC5AEF /* ViewController.swift */ = {isa = PBXFileReference; lastKnownFileType = sourcecode.swift; path = ViewController.swift; sourceTree = "<group>"; };
		E9955DF91B0ED97400DC5AEF /* Base */ = {isa = PBXFileReference; lastKnownFileType = file.storyboard; name = Base; path = Base.lproj/Main.storyboard; sourceTree = "<group>"; };
		E9955DFB1B0ED97400DC5AEF /* Images.xcassets */ = {isa = PBXFileReference; lastKnownFileType = folder.assetcatalog; path = Images.xcassets; sourceTree = "<group>"; };
		E9955DFE1B0ED97400DC5AEF /* Base */ = {isa = PBXFileReference; lastKnownFileType = file.xib; name = Base; path = Base.lproj/LaunchScreen.xib; sourceTree = "<group>"; };
		E9955E041B0ED97500DC5AEF /* Table ViewsTests.xctest */ = {isa = PBXFileReference; explicitFileType = wrapper.cfbundle; includeInIndex = 0; path = "Table ViewsTests.xctest"; sourceTree = BUILT_PRODUCTS_DIR; };
		E9955E091B0ED97500DC5AEF /* Info.plist */ = {isa = PBXFileReference; lastKnownFileType = text.plist.xml; path = Info.plist; sourceTree = "<group>"; };
		E9955E0A1B0ED97500DC5AEF /* Table_ViewsTests.swift */ = {isa = PBXFileReference; lastKnownFileType = sourcecode.swift; path = Table_ViewsTests.swift; sourceTree = "<group>"; };
/* End PBXFileReference section */

/* Begin PBXFrameworksBuildPhase section */
		E9955DEC1B0ED97400DC5AEF /* Frameworks */ = {
			isa = PBXFrameworksBuildPhase;
			buildActionMask = 2147483647;
			files = (
			);
			runOnlyForDeploymentPostprocessing = 0;
		};
		E9955E011B0ED97500DC5AEF /* Frameworks */ = {
			isa = PBXFrameworksBuildPhase;
			buildActionMask = 2147483647;
			files = (
			);
			runOnlyForDeploymentPostprocessing = 0;
		};
/* End PBXFrameworksBuildPhase section */

/* Begin PBXGroup section */
		E9955DE61B0ED97400DC5AEF = {
			isa = PBXGroup;
			children = (
				E9955DF11B0ED97400DC5AEF /* Table Views */,
				E9955E071B0ED97500DC5AEF /* Table ViewsTests */,
				E9955DF01B0ED97400DC5AEF /* Products */,
			);
			sourceTree = "<group>";
		};
		E9955DF01B0ED97400DC5AEF /* Products */ = {
			isa = PBXGroup;
			children = (
				E9955DEF1B0ED97400DC5AEF /* Table Views.app */,
				E9955E041B0ED97500DC5AEF /* Table ViewsTests.xctest */,
			);
			name = Products;
			sourceTree = "<group>";
		};
		E9955DF11B0ED97400DC5AEF /* Table Views */ = {
			isa = PBXGroup;
			children = (
				E9955DF41B0ED97400DC5AEF /* AppDelegate.swift */,
				E9955DF61B0ED97400DC5AEF /* ViewController.swift */,
				E9955DF81B0ED97400DC5AEF /* Main.storyboard */,
				E9955DFB1B0ED97400DC5AEF /* Images.xcassets */,
				E9955DFD1B0ED97400DC5AEF /* LaunchScreen.xib */,
				E9955DF21B0ED97400DC5AEF /* Supporting Files */,
			);
			path = "Table Views";
			sourceTree = "<group>";
		};
		E9955DF21B0ED97400DC5AEF /* Supporting Files */ = {
			isa = PBXGroup;
			children = (
				E9955DF31B0ED97400DC5AEF /* Info.plist */,
			);
			name = "Supporting Files";
			sourceTree = "<group>";
		};
		E9955E071B0ED97500DC5AEF /* Table ViewsTests */ = {
			isa = PBXGroup;
			children = (
				E9955E0A1B0ED97500DC5AEF /* Table_ViewsTests.swift */,
				E9955E081B0ED97500DC5AEF /* Supporting Files */,
			);
			path = "Table ViewsTests";
			sourceTree = "<group>";
		};
		E9955E081B0ED97500DC5AEF /* Supporting Files */ = {
			isa = PBXGroup;
			children = (
				E9955E091B0ED97500DC5AEF /* Info.plist */,
			);
			name = "Supporting Files";
			sourceTree = "<group>";
		};
/* End PBXGroup section */

/* Begin PBXNativeTarget section */
		E9955DEE1B0ED97400DC5AEF /* Table Views */ = {
			isa = PBXNativeTarget;
			buildConfigurationList = E9955E0E1B0ED97500DC5AEF /* Build configuration list for PBXNativeTarget "Table Views" */;
			buildPhases = (
				E9955DEB1B0ED97400DC5AEF /* Sources */,
				E9955DEC1B0ED97400DC5AEF /* Frameworks */,
				E9955DED1B0ED97400DC5AEF /* Resources */,
			);
			buildRules = (
			);
			dependencies = (
			);
			name = "Table Views";
			productName = "Table Views";
			productReference = E9955DEF1B0ED97400DC5AEF /* Table Views.app */;
			productType = "com.apple.product-type.application";
		};
		E9955E031B0ED97500DC5AEF /* Table ViewsTests */ = {
			isa = PBXNativeTarget;
			buildConfigurationList = E9955E111B0ED97500DC5AEF /* Build configuration list for PBXNativeTarget "Table ViewsTests" */;
			buildPhases = (
				E9955E001B0ED97500DC5AEF /* Sources */,
				E9955E011B0ED97500DC5AEF /* Frameworks */,
				E9955E021B0ED97500DC5AEF /* Resources */,
			);
			buildRules = (
			);
			dependencies = (
				E9955E061B0ED97500DC5AEF /* PBXTargetDependency */,
			);
			name = "Table ViewsTests";
			productName = "Table ViewsTests";
			productReference = E9955E041B0ED97500DC5AEF /* Table ViewsTests.xctest */;
			productType = "com.apple.product-type.bundle.unit-test";
		};
/* End PBXNativeTarget section */

/* Begin PBXProject section */
		E9955DE71B0ED97400DC5AEF /* Project object */ = {
			isa = PBXProject;
			attributes = {
				LastUpgradeCheck = 0630;
				ORGANIZATIONNAME = Andec;
				TargetAttributes = {
					E9955DEE1B0ED97400DC5AEF = {
						CreatedOnToolsVersion = 6.3.1;
					};
					E9955E031B0ED97500DC5AEF = {
						CreatedOnToolsVersion = 6.3.1;
						TestTargetID = E9955DEE1B0ED97400DC5AEF;
					};
				};
			};
			buildConfigurationList = E9955DEA1B0ED97400DC5AEF /* Build configuration list for PBXProject "Table Views" */;
			compatibilityVersion = "Xcode 3.2";
			developmentRegion = English;
			hasScannedForEncodings = 0;
			knownRegions = (
				en,
				Base,
			);
			mainGroup = E9955DE61B0ED97400DC5AEF;
			productRefGroup = E9955DF01B0ED97400DC5AEF /* Products */;
			projectDirPath = "";
			projectRoot = "";
			targets = (
				E9955DEE1B0ED97400DC5AEF /* Table Views */,
				E9955E031B0ED97500DC5AEF /* Table ViewsTests */,
			);
		};
/* End PBXProject section */

/* Begin PBXResourcesBuildPhase section */
		E9955DED1B0ED97400DC5AEF /* Resources */ = {
			isa = PBXResourcesBuildPhase;
			buildActionMask = 2147483647;
			files = (
				E9955DFA1B0ED97400DC5AEF /* Main.storyboard in Resources */,
				E9955DFF1B0ED97400DC5AEF /* LaunchScreen.xib in Resources */,
				E9955DFC1B0ED97400DC5AEF /* Images.xcassets in Resources */,
			);
			runOnlyForDeploymentPostprocessing = 0;
		};
		E9955E021B0ED97500DC5AEF /* Resources */ = {
			isa = PBXResourcesBuildPhase;
			buildActionMask = 2147483647;
			files = (
			);
			runOnlyForDeploymentPostprocessing = 0;
		};
/* End PBXResourcesBuildPhase section */

/* Begin PBXSourcesBuildPhase section */
		E9955DEB1B0ED97400DC5AEF /* Sources */ = {
			isa = PBXSourcesBuildPhase;
			buildActionMask = 2147483647;
			files = (
				E9955DF71B0ED97400DC5AEF /* ViewController.swift in Sources */,
				E9955DF51B0ED97400DC5AEF /* AppDelegate.swift in Sources */,
			);
			runOnlyForDeploymentPostprocessing = 0;
		};
		E9955E001B0ED97500DC5AEF /* Sources */ = {
			isa = PBXSourcesBuildPhase;
			buildActionMask = 2147483647;
			files = (
				E9955E0B1B0ED97500DC5AEF /* Table_ViewsTests.swift in Sources */,
			);
			runOnlyForDeploymentPostprocessing = 0;
		};
/* End PBXSourcesBuildPhase section */

/* Begin PBXTargetDependency section */
		E9955E061B0ED97500DC5AEF /* PBXTargetDependency */ = {
			isa = PBXTargetDependency;
			target = E9955DEE1B0ED97400DC5AEF /* Table Views */;
			targetProxy = E9955E051B0ED97500DC5AEF /* PBXContainerItemProxy */;
		};
/* End PBXTargetDependency section */

/* Begin PBXVariantGroup section */
		E9955DF81B0ED97400DC5AEF /* Main.storyboard */ = {
			isa = PBXVariantGroup;
			children = (
				E9955DF91B0ED97400DC5AEF /* Base */,
			);
			name = Main.storyboard;
			sourceTree = "<group>";
		};
		E9955DFD1B0ED97400DC5AEF /* LaunchScreen.xib */ = {
			isa = PBXVariantGroup;
			children = (
				E9955DFE1B0ED97400DC5AEF /* Base */,
			);
			name = LaunchScreen.xib;
			sourceTree = "<group>";
		};
/* End PBXVariantGroup section */

/* Begin XCBuildConfiguration section */
		E9955E0C1B0ED97500DC5AEF /* Debug */ = {
			isa = XCBuildConfiguration;
			buildSettings = {
				ALWAYS_SEARCH_USER_PATHS = NO;
				CLANG_CXX_LANGUAGE_STANDARD = "gnu++0x";
				CLANG_CXX_LIBRARY = "libc++";
				CLANG_ENABLE_MODULES = YES;
				CLANG_ENABLE_OBJC_ARC = YES;
				CLANG_WARN_BOOL_CONVERSION = YES;
				CLANG_WARN_CONSTANT_CONVERSION = YES;
				CLANG_WARN_DIRECT_OBJC_ISA_USAGE = YES_ERROR;
				CLANG_WARN_EMPTY_BODY = YES;
				CLANG_WARN_ENUM_CONVERSION = YES;
				CLANG_WARN_INT_CONVERSION = YES;
				CLANG_WARN_OBJC_ROOT_CLASS = YES_ERROR;
				CLANG_WARN_UNREACHABLE_CODE = YES;
				CLANG_WARN__DUPLICATE_METHOD_MATCH = YES;
				"CODE_SIGN_IDENTITY[sdk=iphoneos*]" = "iPhone Developer";
				COPY_PHASE_STRIP = NO;
				DEBUG_INFORMATION_FORMAT = "dwarf-with-dsym";
				ENABLE_STRICT_OBJC_MSGSEND = YES;
				GCC_C_LANGUAGE_STANDARD = gnu99;
				GCC_DYNAMIC_NO_PIC = NO;
				GCC_NO_COMMON_BLOCKS = YES;
				GCC_OPTIMIZATION_LEVEL = 0;
				GCC_PREPROCESSOR_DEFINITIONS = (
					"DEBUG=1",
					"$(inherited)",
				);
				GCC_SYMBOLS_PRIVATE_EXTERN = NO;
				GCC_WARN_64_TO_32_BIT_CONVERSION = YES;
				GCC_WARN_ABOUT_RETURN_TYPE = YES_ERROR;
				GCC_WARN_UNDECLARED_SELECTOR = YES;
				GCC_WARN_UNINITIALIZED_AUTOS = YES_AGGRESSIVE;
				GCC_WARN_UNUSED_FUNCTION = YES;
				GCC_WARN_UNUSED_VARIABLE = YES;
				IPHONEOS_DEPLOYMENT_TARGET = 8.3;
				MTL_ENABLE_DEBUG_INFO = YES;
				ONLY_ACTIVE_ARCH = YES;
				SDKROOT = iphoneos;
				SWIFT_OPTIMIZATION_LEVEL = "-Onone";
				TARGETED_DEVICE_FAMILY = "1,2";
			};
			name = Debug;
		};
		E9955E0D1B0ED97500DC5AEF /* Release */ = {
			isa = XCBuildConfiguration;
			buildSettings = {
				ALWAYS_SEARCH_USER_PATHS = NO;
				CLANG_CXX_LANGUAGE_STANDARD = "gnu++0x";
				CLANG_CXX_LIBRARY = "libc++";
				CLANG_ENABLE_MODULES = YES;
				CLANG_ENABLE_OBJC_ARC = YES;
				CLANG_WARN_BOOL_CONVERSION = YES;
				CLANG_WARN_CONSTANT_CONVERSION = YES;
				CLANG_WARN_DIRECT_OBJC_ISA_USAGE = YES_ERROR;
				CLANG_WARN_EMPTY_BODY = YES;
				CLANG_WARN_ENUM_CONVERSION = YES;
				CLANG_WARN_INT_CONVERSION = YES;
				CLANG_WARN_OBJC_ROOT_CLASS = YES_ERROR;
				CLANG_WARN_UNREACHABLE_CODE = YES;
				CLANG_WARN__DUPLICATE_METHOD_MATCH = YES;
				"CODE_SIGN_IDENTITY[sdk=iphoneos*]" = "iPhone Developer";
				COPY_PHASE_STRIP = NO;
				DEBUG_INFORMATION_FORMAT = "dwarf-with-dsym";
				ENABLE_NS_ASSERTIONS = NO;
				ENABLE_STRICT_OBJC_MSGSEND = YES;
				GCC_C_LANGUAGE_STANDARD = gnu99;
				GCC_NO_COMMON_BLOCKS = YES;
				GCC_WARN_64_TO_32_BIT_CONVERSION = YES;
				GCC_WARN_ABOUT_RETURN_TYPE = YES_ERROR;
				GCC_WARN_UNDECLARED_SELECTOR = YES;
				GCC_WARN_UNINITIALIZED_AUTOS = YES_AGGRESSIVE;
				GCC_WARN_UNUSED_FUNCTION = YES;
				GCC_WARN_UNUSED_VARIABLE = YES;
				IPHONEOS_DEPLOYMENT_TARGET = 8.3;
				MTL_ENABLE_DEBUG_INFO = NO;
				SDKROOT = iphoneos;
				TARGETED_DEVICE_FAMILY = "1,2";
				VALIDATE_PRODUCT = YES;
			};
			name = Release;
		};
		E9955E0F1B0ED97500DC5AEF /* Debug */ = {
			isa = XCBuildConfiguration;
			buildSettings = {
				ASSETCATALOG_COMPILER_APPICON_NAME = AppIcon;
				INFOPLIST_FILE = "Table Views/Info.plist";
				LD_RUNPATH_SEARCH_PATHS = "$(inherited) @executable_path/Frameworks";
				PRODUCT_NAME = "$(TARGET_NAME)";
			};
			name = Debug;
		};
		E9955E101B0ED97500DC5AEF /* Release */ = {
			isa = XCBuildConfiguration;
			buildSettings = {
				ASSETCATALOG_COMPILER_APPICON_NAME = AppIcon;
				INFOPLIST_FILE = "Table Views/Info.plist";
				LD_RUNPATH_SEARCH_PATHS = "$(inherited) @executable_path/Frameworks";
				PRODUCT_NAME = "$(TARGET_NAME)";
			};
			name = Release;
		};
		E9955E121B0ED97500DC5AEF /* Debug */ = {
			isa = XCBuildConfiguration;
			buildSettings = {
				BUNDLE_LOADER = "$(TEST_HOST)";
				FRAMEWORK_SEARCH_PATHS = (
					"$(SDKROOT)/Developer/Library/Frameworks",
					"$(inherited)",
				);
				GCC_PREPROCESSOR_DEFINITIONS = (
					"DEBUG=1",
					"$(inherited)",
				);
				INFOPLIST_FILE = "Table ViewsTests/Info.plist";
				LD_RUNPATH_SEARCH_PATHS = "$(inherited) @executable_path/Frameworks @loader_path/Frameworks";
				PRODUCT_NAME = "$(TARGET_NAME)";
				TEST_HOST = "$(BUILT_PRODUCTS_DIR)/Table Views.app/Table Views";
			};
			name = Debug;
		};
		E9955E131B0ED97500DC5AEF /* Release */ = {
			isa = XCBuildConfiguration;
			buildSettings = {
				BUNDLE_LOADER = "$(TEST_HOST)";
				FRAMEWORK_SEARCH_PATHS = (
					"$(SDKROOT)/Developer/Library/Frameworks",
					"$(inherited)",
				);
				INFOPLIST_FILE = "Table ViewsTests/Info.plist";
				LD_RUNPATH_SEARCH_PATHS = "$(inherited) @executable_path/Frameworks @loader_path/Frameworks";
				PRODUCT_NAME = "$(TARGET_NAME)";
				TEST_HOST = "$(BUILT_PRODUCTS_DIR)/Table Views.app/Table Views";
			};
			name = Release;
		};
/* End XCBuildConfiguration section */

/* Begin XCConfigurationList section */
		E9955DEA1B0ED97400DC5AEF /* Build configuration list for PBXProject "Table Views" */ = {
			isa = XCConfigurationList;
			buildConfigurations = (
				E9955E0C1B0ED97500DC5AEF /* Debug */,
				E9955E0D1B0ED97500DC5AEF /* Release */,
			);
			defaultConfigurationIsVisible = 0;
			defaultConfigurationName = Release;
		};
		E9955E0E1B0ED97500DC5AEF /* Build configuration list for PBXNativeTarget "Table Views" */ = {
			isa = XCConfigurationList;
			buildConfigurations = (
				E9955E0F1B0ED97500DC5AEF /* Debug */,
				E9955E101B0ED97500DC5AEF /* Release */,
			);
			defaultConfigurationIsVisible = 0;
		};
		E9955E111B0ED97500DC5AEF /* Build configuration list for PBXNativeTarget "Table ViewsTests" */ = {
			isa = XCConfigurationList;
			buildConfigurations = (
				E9955E121B0ED97500DC5AEF /* Debug */,
				E9955E131B0ED97500DC5AEF /* Release */,
			);
			defaultConfigurationIsVisible = 0;
		};
/* End XCConfigurationList section */
	};
	rootObject = E9955DE71B0ED97400DC5AEF /* Project object */;
}
