// !$*UTF8*$!
{
	archiveVersion = 1;
	classes = {
	};
	objectVersion = 46;
	objects = {

/* Begin PBXBuildFile section */
		E99BAA8E1B0EE4BF008B3867 /* AppDelegate.swift in Sources */ = {isa = PBXBuildFile; fileRef = E99BAA8D1B0EE4BF008B3867 /* AppDelegate.swift */; };
		E99BAA901B0EE4BF008B3867 /* ViewController.swift in Sources */ = {isa = PBXBuildFile; fileRef = E99BAA8F1B0EE4BF008B3867 /* ViewController.swift */; };
		E99BAA931B0EE4BF008B3867 /* Main.storyboard in Resources */ = {isa = PBXBuildFile; fileRef = E99BAA911B0EE4BF008B3867 /* Main.storyboard */; };
		E99BAA951B0EE4BF008B3867 /* Images.xcassets in Resources */ = {isa = PBXBuildFile; fileRef = E99BAA941B0EE4BF008B3867 /* Images.xcassets */; };
		E99BAA981B0EE4BF008B3867 /* LaunchScreen.xib in Resources */ = {isa = PBXBuildFile; fileRef = E99BAA961B0EE4BF008B3867 /* LaunchScreen.xib */; };
		E99BAAA41B0EE4BF008B3867 /* multiplication_tableTests.swift in Sources */ = {isa = PBXBuildFile; fileRef = E99BAAA31B0EE4BF008B3867 /* multiplication_tableTests.swift */; };
/* End PBXBuildFile section */

/* Begin PBXContainerItemProxy section */
		E99BAA9E1B0EE4BF008B3867 /* PBXContainerItemProxy */ = {
			isa = PBXContainerItemProxy;
			containerPortal = E99BAA801B0EE4BF008B3867 /* Project object */;
			proxyType = 1;
			remoteGlobalIDString = E99BAA871B0EE4BF008B3867;
			remoteInfo = "multiplication table";
		};
/* End PBXContainerItemProxy section */

/* Begin PBXFileReference section */
		E99BAA881B0EE4BF008B3867 /* multiplication table.app */ = {isa = PBXFileReference; explicitFileType = wrapper.application; includeInIndex = 0; path = "multiplication table.app"; sourceTree = BUILT_PRODUCTS_DIR; };
		E99BAA8C1B0EE4BF008B3867 /* Info.plist */ = {isa = PBXFileReference; lastKnownFileType = text.plist.xml; path = Info.plist; sourceTree = "<group>"; };
		E99BAA8D1B0EE4BF008B3867 /* AppDelegate.swift */ = {isa = PBXFileReference; lastKnownFileType = sourcecode.swift; path = AppDelegate.swift; sourceTree = "<group>"; };
		E99BAA8F1B0EE4BF008B3867 /* ViewController.swift */ = {isa = PBXFileReference; lastKnownFileType = sourcecode.swift; path = ViewController.swift; sourceTree = "<group>"; };
		E99BAA921B0EE4BF008B3867 /* Base */ = {isa = PBXFileReference; lastKnownFileType = file.storyboard; name = Base; path = Base.lproj/Main.storyboard; sourceTree = "<group>"; };
		E99BAA941B0EE4BF008B3867 /* Images.xcassets */ = {isa = PBXFileReference; lastKnownFileType = folder.assetcatalog; path = Images.xcassets; sourceTree = "<group>"; };
		E99BAA971B0EE4BF008B3867 /* Base */ = {isa = PBXFileReference; lastKnownFileType = file.xib; name = Base; path = Base.lproj/LaunchScreen.xib; sourceTree = "<group>"; };
		E99BAA9D1B0EE4BF008B3867 /* multiplication tableTests.xctest */ = {isa = PBXFileReference; explicitFileType = wrapper.cfbundle; includeInIndex = 0; path = "multiplication tableTests.xctest"; sourceTree = BUILT_PRODUCTS_DIR; };
		E99BAAA21B0EE4BF008B3867 /* Info.plist */ = {isa = PBXFileReference; lastKnownFileType = text.plist.xml; path = Info.plist; sourceTree = "<group>"; };
		E99BAAA31B0EE4BF008B3867 /* multiplication_tableTests.swift */ = {isa = PBXFileReference; lastKnownFileType = sourcecode.swift; path = multiplication_tableTests.swift; sourceTree = "<group>"; };
/* End PBXFileReference section */

/* Begin PBXFrameworksBuildPhase section */
		E99BAA851B0EE4BF008B3867 /* Frameworks */ = {
			isa = PBXFrameworksBuildPhase;
			buildActionMask = 2147483647;
			files = (
			);
			runOnlyForDeploymentPostprocessing = 0;
		};
		E99BAA9A1B0EE4BF008B3867 /* Frameworks */ = {
			isa = PBXFrameworksBuildPhase;
			buildActionMask = 2147483647;
			files = (
			);
			runOnlyForDeploymentPostprocessing = 0;
		};
/* End PBXFrameworksBuildPhase section */

/* Begin PBXGroup section */
		E99BAA7F1B0EE4BF008B3867 = {
			isa = PBXGroup;
			children = (
				E99BAA8A1B0EE4BF008B3867 /* multiplication table */,
				E99BAAA01B0EE4BF008B3867 /* multiplication tableTests */,
				E99BAA891B0EE4BF008B3867 /* Products */,
			);
			sourceTree = "<group>";
		};
		E99BAA891B0EE4BF008B3867 /* Products */ = {
			isa = PBXGroup;
			children = (
				E99BAA881B0EE4BF008B3867 /* multiplication table.app */,
				E99BAA9D1B0EE4BF008B3867 /* multiplication tableTests.xctest */,
			);
			name = Products;
			sourceTree = "<group>";
		};
		E99BAA8A1B0EE4BF008B3867 /* multiplication table */ = {
			isa = PBXGroup;
			children = (
				E99BAA8D1B0EE4BF008B3867 /* AppDelegate.swift */,
				E99BAA8F1B0EE4BF008B3867 /* ViewController.swift */,
				E99BAA911B0EE4BF008B3867 /* Main.storyboard */,
				E99BAA941B0EE4BF008B3867 /* Images.xcassets */,
				E99BAA961B0EE4BF008B3867 /* LaunchScreen.xib */,
				E99BAA8B1B0EE4BF008B3867 /* Supporting Files */,
			);
			path = "multiplication table";
			sourceTree = "<group>";
		};
		E99BAA8B1B0EE4BF008B3867 /* Supporting Files */ = {
			isa = PBXGroup;
			children = (
				E99BAA8C1B0EE4BF008B3867 /* Info.plist */,
			);
			name = "Supporting Files";
			sourceTree = "<group>";
		};
		E99BAAA01B0EE4BF008B3867 /* multiplication tableTests */ = {
			isa = PBXGroup;
			children = (
				E99BAAA31B0EE4BF008B3867 /* multiplication_tableTests.swift */,
				E99BAAA11B0EE4BF008B3867 /* Supporting Files */,
			);
			path = "multiplication tableTests";
			sourceTree = "<group>";
		};
		E99BAAA11B0EE4BF008B3867 /* Supporting Files */ = {
			isa = PBXGroup;
			children = (
				E99BAAA21B0EE4BF008B3867 /* Info.plist */,
			);
			name = "Supporting Files";
			sourceTree = "<group>";
		};
/* End PBXGroup section */

/* Begin PBXNativeTarget section */
		E99BAA871B0EE4BF008B3867 /* multiplication table */ = {
			isa = PBXNativeTarget;
			buildConfigurationList = E99BAAA71B0EE4BF008B3867 /* Build configuration list for PBXNativeTarget "multiplication table" */;
			buildPhases = (
				E99BAA841B0EE4BF008B3867 /* Sources */,
				E99BAA851B0EE4BF008B3867 /* Frameworks */,
				E99BAA861B0EE4BF008B3867 /* Resources */,
			);
			buildRules = (
			);
			dependencies = (
			);
			name = "multiplication table";
			productName = "multiplication table";
			productReference = E99BAA881B0EE4BF008B3867 /* multiplication table.app */;
			productType = "com.apple.product-type.application";
		};
		E99BAA9C1B0EE4BF008B3867 /* multiplication tableTests */ = {
			isa = PBXNativeTarget;
			buildConfigurationList = E99BAAAA1B0EE4BF008B3867 /* Build configuration list for PBXNativeTarget "multiplication tableTests" */;
			buildPhases = (
				E99BAA991B0EE4BF008B3867 /* Sources */,
				E99BAA9A1B0EE4BF008B3867 /* Frameworks */,
				E99BAA9B1B0EE4BF008B3867 /* Resources */,
			);
			buildRules = (
			);
			dependencies = (
				E99BAA9F1B0EE4BF008B3867 /* PBXTargetDependency */,
			);
			name = "multiplication tableTests";
			productName = "multiplication tableTests";
			productReference = E99BAA9D1B0EE4BF008B3867 /* multiplication tableTests.xctest */;
			productType = "com.apple.product-type.bundle.unit-test";
		};
/* End PBXNativeTarget section */

/* Begin PBXProject section */
		E99BAA801B0EE4BF008B3867 /* Project object */ = {
			isa = PBXProject;
			attributes = {
				LastUpgradeCheck = 0630;
				ORGANIZATIONNAME = Andec;
				TargetAttributes = {
					E99BAA871B0EE4BF008B3867 = {
						CreatedOnToolsVersion = 6.3.1;
					};
					E99BAA9C1B0EE4BF008B3867 = {
						CreatedOnToolsVersion = 6.3.1;
						TestTargetID = E99BAA871B0EE4BF008B3867;
					};
				};
			};
			buildConfigurationList = E99BAA831B0EE4BF008B3867 /* Build configuration list for PBXProject "multiplication table" */;
			compatibilityVersion = "Xcode 3.2";
			developmentRegion = English;
			hasScannedForEncodings = 0;
			knownRegions = (
				en,
				Base,
			);
			mainGroup = E99BAA7F1B0EE4BF008B3867;
			productRefGroup = E99BAA891B0EE4BF008B3867 /* Products */;
			projectDirPath = "";
			projectRoot = "";
			targets = (
				E99BAA871B0EE4BF008B3867 /* multiplication table */,
				E99BAA9C1B0EE4BF008B3867 /* multiplication tableTests */,
			);
		};
/* End PBXProject section */

/* Begin PBXResourcesBuildPhase section */
		E99BAA861B0EE4BF008B3867 /* Resources */ = {
			isa = PBXResourcesBuildPhase;
			buildActionMask = 2147483647;
			files = (
				E99BAA931B0EE4BF008B3867 /* Main.storyboard in Resources */,
				E99BAA981B0EE4BF008B3867 /* LaunchScreen.xib in Resources */,
				E99BAA951B0EE4BF008B3867 /* Images.xcassets in Resources */,
			);
			runOnlyForDeploymentPostprocessing = 0;
		};
		E99BAA9B1B0EE4BF008B3867 /* Resources */ = {
			isa = PBXResourcesBuildPhase;
			buildActionMask = 2147483647;
			files = (
			);
			runOnlyForDeploymentPostprocessing = 0;
		};
/* End PBXResourcesBuildPhase section */

/* Begin PBXSourcesBuildPhase section */
		E99BAA841B0EE4BF008B3867 /* Sources */ = {
			isa = PBXSourcesBuildPhase;
			buildActionMask = 2147483647;
			files = (
				E99BAA901B0EE4BF008B3867 /* ViewController.swift in Sources */,
				E99BAA8E1B0EE4BF008B3867 /* AppDelegate.swift in Sources */,
			);
			runOnlyForDeploymentPostprocessing = 0;
		};
		E99BAA991B0EE4BF008B3867 /* Sources */ = {
			isa = PBXSourcesBuildPhase;
			buildActionMask = 2147483647;
			files = (
				E99BAAA41B0EE4BF008B3867 /* multiplication_tableTests.swift in Sources */,
			);
			runOnlyForDeploymentPostprocessing = 0;
		};
/* End PBXSourcesBuildPhase section */

/* Begin PBXTargetDependency section */
		E99BAA9F1B0EE4BF008B3867 /* PBXTargetDependency */ = {
			isa = PBXTargetDependency;
			target = E99BAA871B0EE4BF008B3867 /* multiplication table */;
			targetProxy = E99BAA9E1B0EE4BF008B3867 /* PBXContainerItemProxy */;
		};
/* End PBXTargetDependency section */

/* Begin PBXVariantGroup section */
		E99BAA911B0EE4BF008B3867 /* Main.storyboard */ = {
			isa = PBXVariantGroup;
			children = (
				E99BAA921B0EE4BF008B3867 /* Base */,
			);
			name = Main.storyboard;
			sourceTree = "<group>";
		};
		E99BAA961B0EE4BF008B3867 /* LaunchScreen.xib */ = {
			isa = PBXVariantGroup;
			children = (
				E99BAA971B0EE4BF008B3867 /* Base */,
			);
			name = LaunchScreen.xib;
			sourceTree = "<group>";
		};
/* End PBXVariantGroup section */

/* Begin XCBuildConfiguration section */
		E99BAAA51B0EE4BF008B3867 /* Debug */ = {
			isa = XCBuildConfiguration;
			buildSettings = {
				ALWAYS_SEARCH_USER_PATHS = NO;
				CLANG_CXX_LANGUAGE_STANDARD = "gnu++0x";
				CLANG_CXX_LIBRARY = "libc++";
				CLANG_ENABLE_MODULES = YES;
				CLANG_ENABLE_OBJC_ARC = YES;
				CLANG_WARN_BOOL_CONVERSION = YES;
				CLANG_WARN_CONSTANT_CONVERSION = YES;
				CLANG_WARN_DIRECT_OBJC_ISA_USAGE = YES_ERROR;
				CLANG_WARN_EMPTY_BODY = YES;
				CLANG_WARN_ENUM_CONVERSION = YES;
				CLANG_WARN_INT_CONVERSION = YES;
				CLANG_WARN_OBJC_ROOT_CLASS = YES_ERROR;
				CLANG_WARN_UNREACHABLE_CODE = YES;
				CLANG_WARN__DUPLICATE_METHOD_MATCH = YES;
				"CODE_SIGN_IDENTITY[sdk=iphoneos*]" = "iPhone Developer";
				COPY_PHASE_STRIP = NO;
				DEBUG_INFORMATION_FORMAT = "dwarf-with-dsym";
				ENABLE_STRICT_OBJC_MSGSEND = YES;
				GCC_C_LANGUAGE_STANDARD = gnu99;
				GCC_DYNAMIC_NO_PIC = NO;
				GCC_NO_COMMON_BLOCKS = YES;
				GCC_OPTIMIZATION_LEVEL = 0;
				GCC_PREPROCESSOR_DEFINITIONS = (
					"DEBUG=1",
					"$(inherited)",
				);
				GCC_SYMBOLS_PRIVATE_EXTERN = NO;
				GCC_WARN_64_TO_32_BIT_CONVERSION = YES;
				GCC_WARN_ABOUT_RETURN_TYPE = YES_ERROR;
				GCC_WARN_UNDECLARED_SELECTOR = YES;
				GCC_WARN_UNINITIALIZED_AUTOS = YES_AGGRESSIVE;
				GCC_WARN_UNUSED_FUNCTION = YES;
				GCC_WARN_UNUSED_VARIABLE = YES;
				IPHONEOS_DEPLOYMENT_TARGET = 8.3;
				MTL_ENABLE_DEBUG_INFO = YES;
				ONLY_ACTIVE_ARCH = YES;
				SDKROOT = iphoneos;
				SWIFT_OPTIMIZATION_LEVEL = "-Onone";
				TARGETED_DEVICE_FAMILY = "1,2";
			};
			name = Debug;
		};
		E99BAAA61B0EE4BF008B3867 /* Release */ = {
			isa = XCBuildConfiguration;
			buildSettings = {
				ALWAYS_SEARCH_USER_PATHS = NO;
				CLANG_CXX_LANGUAGE_STANDARD = "gnu++0x";
				CLANG_CXX_LIBRARY = "libc++";
				CLANG_ENABLE_MODULES = YES;
				CLANG_ENABLE_OBJC_ARC = YES;
				CLANG_WARN_BOOL_CONVERSION = YES;
				CLANG_WARN_CONSTANT_CONVERSION = YES;
				CLANG_WARN_DIRECT_OBJC_ISA_USAGE = YES_ERROR;
				CLANG_WARN_EMPTY_BODY = YES;
				CLANG_WARN_ENUM_CONVERSION = YES;
				CLANG_WARN_INT_CONVERSION = YES;
				CLANG_WARN_OBJC_ROOT_CLASS = YES_ERROR;
				CLANG_WARN_UNREACHABLE_CODE = YES;
				CLANG_WARN__DUPLICATE_METHOD_MATCH = YES;
				"CODE_SIGN_IDENTITY[sdk=iphoneos*]" = "iPhone Developer";
				COPY_PHASE_STRIP = NO;
				DEBUG_INFORMATION_FORMAT = "dwarf-with-dsym";
				ENABLE_NS_ASSERTIONS = NO;
				ENABLE_STRICT_OBJC_MSGSEND = YES;
				GCC_C_LANGUAGE_STANDARD = gnu99;
				GCC_NO_COMMON_BLOCKS = YES;
				GCC_WARN_64_TO_32_BIT_CONVERSION = YES;
				GCC_WARN_ABOUT_RETURN_TYPE = YES_ERROR;
				GCC_WARN_UNDECLARED_SELECTOR = YES;
				GCC_WARN_UNINITIALIZED_AUTOS = YES_AGGRESSIVE;
				GCC_WARN_UNUSED_FUNCTION = YES;
				GCC_WARN_UNUSED_VARIABLE = YES;
				IPHONEOS_DEPLOYMENT_TARGET = 8.3;
				MTL_ENABLE_DEBUG_INFO = NO;
				SDKROOT = iphoneos;
				TARGETED_DEVICE_FAMILY = "1,2";
				VALIDATE_PRODUCT = YES;
			};
			name = Release;
		};
		E99BAAA81B0EE4BF008B3867 /* Debug */ = {
			isa = XCBuildConfiguration;
			buildSettings = {
				ASSETCATALOG_COMPILER_APPICON_NAME = AppIcon;
				INFOPLIST_FILE = "multiplication table/Info.plist";
				LD_RUNPATH_SEARCH_PATHS = "$(inherited) @executable_path/Frameworks";
				PRODUCT_NAME = "$(TARGET_NAME)";
			};
			name = Debug;
		};
		E99BAAA91B0EE4BF008B3867 /* Release */ = {
			isa = XCBuildConfiguration;
			buildSettings = {
				ASSETCATALOG_COMPILER_APPICON_NAME = AppIcon;
				INFOPLIST_FILE = "multiplication table/Info.plist";
				LD_RUNPATH_SEARCH_PATHS = "$(inherited) @executable_path/Frameworks";
				PRODUCT_NAME = "$(TARGET_NAME)";
			};
			name = Release;
		};
		E99BAAAB1B0EE4BF008B3867 /* Debug */ = {
			isa = XCBuildConfiguration;
			buildSettings = {
				BUNDLE_LOADER = "$(TEST_HOST)";
				FRAMEWORK_SEARCH_PATHS = (
					"$(SDKROOT)/Developer/Library/Frameworks",
					"$(inherited)",
				);
				GCC_PREPROCESSOR_DEFINITIONS = (
					"DEBUG=1",
					"$(inherited)",
				);
				INFOPLIST_FILE = "multiplication tableTests/Info.plist";
				LD_RUNPATH_SEARCH_PATHS = "$(inherited) @executable_path/Frameworks @loader_path/Frameworks";
				PRODUCT_NAME = "$(TARGET_NAME)";
				TEST_HOST = "$(BUILT_PRODUCTS_DIR)/multiplication table.app/multiplication table";
			};
			name = Debug;
		};
		E99BAAAC1B0EE4BF008B3867 /* Release */ = {
			isa = XCBuildConfiguration;
			buildSettings = {
				BUNDLE_LOADER = "$(TEST_HOST)";
				FRAMEWORK_SEARCH_PATHS = (
					"$(SDKROOT)/Developer/Library/Frameworks",
					"$(inherited)",
				);
				INFOPLIST_FILE = "multiplication tableTests/Info.plist";
				LD_RUNPATH_SEARCH_PATHS = "$(inherited) @executable_path/Frameworks @loader_path/Frameworks";
				PRODUCT_NAME = "$(TARGET_NAME)";
				TEST_HOST = "$(BUILT_PRODUCTS_DIR)/multiplication table.app/multiplication table";
			};
			name = Release;
		};
/* End XCBuildConfiguration section */

/* Begin XCConfigurationList section */
		E99BAA831B0EE4BF008B3867 /* Build configuration list for PBXProject "multiplication table" */ = {
			isa = XCConfigurationList;
			buildConfigurations = (
				E99BAAA51B0EE4BF008B3867 /* Debug */,
				E99BAAA61B0EE4BF008B3867 /* Release */,
			);
			defaultConfigurationIsVisible = 0;
			defaultConfigurationName = Release;
		};
		E99BAAA71B0EE4BF008B3867 /* Build configuration list for PBXNativeTarget "multiplication table" */ = {
			isa = XCConfigurationList;
			buildConfigurations = (
				E99BAAA81B0EE4BF008B3867 /* Debug */,
				E99BAAA91B0EE4BF008B3867 /* Release */,
			);
			defaultConfigurationIsVisible = 0;
		};
		E99BAAAA1B0EE4BF008B3867 /* Build configuration list for PBXNativeTarget "multiplication tableTests" */ = {
			isa = XCConfigurationList;
			buildConfigurations = (
				E99BAAAB1B0EE4BF008B3867 /* Debug */,
				E99BAAAC1B0EE4BF008B3867 /* Release */,
			);
			defaultConfigurationIsVisible = 0;
		};
/* End XCConfigurationList section */
	};
	rootObject = E99BAA801B0EE4BF008B3867 /* Project object */;
}
